
Microsoft Visual Studio Solution File, Format Version 12.00
# Visual Studio Version 17
VisualStudioVersion = 17.12.35514.174 d17.12
MinimumVisualStudioVersion = 10.0.40219.1
Project("{9A19103F-16F7-4668-BE54-9A1E7A4F7556}") = "SilentHunter.Core", "src\SilentHunter.Core\SilentHunter.Core.csproj", "{C03CC0F3-AAD9-4C0D-BE69-6D5413604C7F}"
EndProject
Project("{9A19103F-16F7-4668-BE54-9A1E7A4F7556}") = "SilentHunter.FileFormats", "src\SilentHunter.FileFormats\SilentHunter.FileFormats.csproj", "{43331BD7-D4F4-4169-A94D-2200B874BD62}"
EndProject
Project("{9A19103F-16F7-4668-BE54-9A1E7A4F7556}") = "SilentHunter.Controllers", "src\SilentHunter.Controllers\SilentHunter.Controllers.csproj", "{F86F5194-47E6-45D0-A04F-C72BDD6D9CF7}"
EndProject
Project("{2150E333-8FDC-42A3-9474-1A3956D46DE8}") = "src", "src", "{53C77603-E4D0-4490-911B-F81EF2C83B78}"
	ProjectSection(SolutionItems) = preProject
		src\Directory.Build.props = src\Directory.Build.props
		src\Directory.Build.targets = src\Directory.Build.targets
	EndProjectSection
EndProject
Project("{2150E333-8FDC-42A3-9474-1A3956D46DE8}") = "test", "test", "{717DB5E6-2AB9-4861-B494-5B7152595BA2}"
	ProjectSection(SolutionItems) = preProject
		test\Directory.Build.targets = test\Directory.Build.targets
	EndProjectSection
EndProject
Project("{2150E333-8FDC-42A3-9474-1A3956D46DE8}") = "Solution Items", "Solution Items", "{142FD27E-28B2-42A3-81BD-7155B053F94E}"
	ProjectSection(SolutionItems) = preProject
		Directory.Build.props = Directory.Build.props
		Directory.Build.targets = Directory.Build.targets
		GitVersion.yml = GitVersion.yml
		NuGet.config = NuGet.config
		README.md = README.md
	EndProjectSection
EndProject
Project("{9A19103F-16F7-4668-BE54-9A1E7A4F7556}") = "SilentHunter.Controllers.Compiler", "src\SilentHunter.Controllers.Compiler\SilentHunter.Controllers.Compiler.csproj", "{3C8061F5-ECA8-44C0-9EAA-82ED83FB5A4E}"
EndProject
Project("{9A19103F-16F7-4668-BE54-9A1E7A4F7556}") = "SilentHunter.FileFormats.Tests", "test\SilentHunter.FileFormats.Tests\SilentHunter.FileFormats.Tests.csproj", "{C1960AE4-2B95-47B5-9CBB-79F5A8587999}"
EndProject
Project("{9A19103F-16F7-4668-BE54-9A1E7A4F7556}") = "SilentHunter.Testing", "test\SilentHunter.Testing\SilentHunter.Testing.csproj", "{4F29A613-961A-4223-A8B7-22321E172CAD}"
EndProject
Project("{9A19103F-16F7-4668-BE54-9A1E7A4F7556}") = "SilentHunter.Controllers.Compiler.Tests", "test\SilentHunter.Controllers.Compiler.Tests\SilentHunter.Controllers.Compiler.Tests.csproj", "{0E5613A9-42BC-46B7-B2A0-DF6ACA855266}"
EndProject
Global
	GlobalSection(SolutionConfigurationPlatforms) = preSolution
		Debug - Coverage|Any CPU = Debug - Coverage|Any CPU
		Debug|Any CPU = Debug|Any CPU
		Release|Any CPU = Release|Any CPU
	EndGlobalSection
	GlobalSection(ProjectConfigurationPlatforms) = postSolution
		{C03CC0F3-AAD9-4C0D-BE69-6D5413604C7F}.Debug - Coverage|Any CPU.ActiveCfg = Debug|Any CPU
		{C03CC0F3-AAD9-4C0D-BE69-6D5413604C7F}.Debug - Coverage|Any CPU.Build.0 = Debug|Any CPU
		{C03CC0F3-AAD9-4C0D-BE69-6D5413604C7F}.Debug|Any CPU.ActiveCfg = Debug|Any CPU
		{C03CC0F3-AAD9-4C0D-BE69-6D5413604C7F}.Debug|Any CPU.Build.0 = Debug|Any CPU
		{C03CC0F3-AAD9-4C0D-BE69-6D5413604C7F}.Release|Any CPU.ActiveCfg = Release|Any CPU
		{C03CC0F3-AAD9-4C0D-BE69-6D5413604C7F}.Release|Any CPU.Build.0 = Release|Any CPU
		{43331BD7-D4F4-4169-A94D-2200B874BD62}.Debug - Coverage|Any CPU.ActiveCfg = Debug|Any CPU
		{43331BD7-D4F4-4169-A94D-2200B874BD62}.Debug - Coverage|Any CPU.Build.0 = Debug|Any CPU
		{43331BD7-D4F4-4169-A94D-2200B874BD62}.Debug|Any CPU.ActiveCfg = Debug|Any CPU
		{43331BD7-D4F4-4169-A94D-2200B874BD62}.Debug|Any CPU.Build.0 = Debug|Any CPU
		{43331BD7-D4F4-4169-A94D-2200B874BD62}.Release|Any CPU.ActiveCfg = Release|Any CPU
		{43331BD7-D4F4-4169-A94D-2200B874BD62}.Release|Any CPU.Build.0 = Release|Any CPU
		{F86F5194-47E6-45D0-A04F-C72BDD6D9CF7}.Debug - Coverage|Any CPU.ActiveCfg = Debug|Any CPU
		{F86F5194-47E6-45D0-A04F-C72BDD6D9CF7}.Debug - Coverage|Any CPU.Build.0 = Debug|Any CPU
		{F86F5194-47E6-45D0-A04F-C72BDD6D9CF7}.Debug|Any CPU.ActiveCfg = Debug|Any CPU
		{F86F5194-47E6-45D0-A04F-C72BDD6D9CF7}.Debug|Any CPU.Build.0 = Debug|Any CPU
		{F86F5194-47E6-45D0-A04F-C72BDD6D9CF7}.Release|Any CPU.ActiveCfg = Release|Any CPU
		{F86F5194-47E6-45D0-A04F-C72BDD6D9CF7}.Release|Any CPU.Build.0 = Release|Any CPU
		{3C8061F5-ECA8-44C0-9EAA-82ED83FB5A4E}.Debug - Coverage|Any CPU.ActiveCfg = Debug|Any CPU
		{3C8061F5-ECA8-44C0-9EAA-82ED83FB5A4E}.Debug - Coverage|Any CPU.Build.0 = Debug|Any CPU
		{3C8061F5-ECA8-44C0-9EAA-82ED83FB5A4E}.Debug|Any CPU.ActiveCfg = Debug|Any CPU
		{3C8061F5-ECA8-44C0-9EAA-82ED83FB5A4E}.Debug|Any CPU.Build.0 = Debug|Any CPU
		{3C8061F5-ECA8-44C0-9EAA-82ED83FB5A4E}.Release|Any CPU.ActiveCfg = Release|Any CPU
		{3C8061F5-ECA8-44C0-9EAA-82ED83FB5A4E}.Release|Any CPU.Build.0 = Release|Any CPU
		{C1960AE4-2B95-47B5-9CBB-79F5A8587999}.Debug - Coverage|Any CPU.ActiveCfg = Debug|Any CPU
		{C1960AE4-2B95-47B5-9CBB-79F5A8587999}.Debug - Coverage|Any CPU.Build.0 = Debug|Any CPU
		{C1960AE4-2B95-47B5-9CBB-79F5A8587999}.Debug|Any CPU.ActiveCfg = Debug|Any CPU
		{C1960AE4-2B95-47B5-9CBB-79F5A8587999}.Debug|Any CPU.Build.0 = Debug|Any CPU
		{C1960AE4-2B95-47B5-9CBB-79F5A8587999}.Release|Any CPU.ActiveCfg = Release|Any CPU
		{C1960AE4-2B95-47B5-9CBB-79F5A8587999}.Release|Any CPU.Build.0 = Release|Any CPU
		{4F29A613-961A-4223-A8B7-22321E172CAD}.Debug - Coverage|Any CPU.ActiveCfg = Debug|Any CPU
		{4F29A613-961A-4223-A8B7-22321E172CAD}.Debug - Coverage|Any CPU.Build.0 = Debug|Any CPU
		{4F29A613-961A-4223-A8B7-22321E172CAD}.Debug|Any CPU.ActiveCfg = Debug|Any CPU
		{4F29A613-961A-4223-A8B7-22321E172CAD}.Debug|Any CPU.Build.0 = Debug|Any CPU
		{4F29A613-961A-4223-A8B7-22321E172CAD}.Release|Any CPU.ActiveCfg = Release|Any CPU
		{4F29A613-961A-4223-A8B7-22321E172CAD}.Release|Any CPU.Build.0 = Release|Any CPU
		{0E5613A9-42BC-46B7-B2A0-DF6ACA855266}.Debug - Coverage|Any CPU.ActiveCfg = Debug|Any CPU
		{0E5613A9-42BC-46B7-B2A0-DF6ACA855266}.Debug - Coverage|Any CPU.Build.0 = Debug|Any CPU
		{0E5613A9-42BC-46B7-B2A0-DF6ACA855266}.Debug|Any CPU.ActiveCfg = Debug|Any CPU
		{0E5613A9-42BC-46B7-B2A0-DF6ACA855266}.Debug|Any CPU.Build.0 = Debug|Any CPU
		{0E5613A9-42BC-46B7-B2A0-DF6ACA855266}.Release|Any CPU.ActiveCfg = Release|Any CPU
		{0E5613A9-42BC-46B7-B2A0-DF6ACA855266}.Release|Any CPU.Build.0 = Release|Any CPU
	EndGlobalSection
	GlobalSection(SolutionProperties) = preSolution
		HideSolutionNode = FALSE
	EndGlobalSection
	GlobalSection(NestedProjects) = preSolution
		{C03CC0F3-AAD9-4C0D-BE69-6D5413604C7F} = {53C77603-E4D0-4490-911B-F81EF2C83B78}
		{43331BD7-D4F4-4169-A94D-2200B874BD62} = {53C77603-E4D0-4490-911B-F81EF2C83B78}
		{F86F5194-47E6-45D0-A04F-C72BDD6D9CF7} = {53C77603-E4D0-4490-911B-F81EF2C83B78}
		{3C8061F5-ECA8-44C0-9EAA-82ED83FB5A4E} = {53C77603-E4D0-4490-911B-F81EF2C83B78}
		{C1960AE4-2B95-47B5-9CBB-79F5A8587999} = {717DB5E6-2AB9-4861-B494-5B7152595BA2}
		{4F29A613-961A-4223-A8B7-22321E172CAD} = {717DB5E6-2AB9-4861-B494-5B7152595BA2}
		{0E5613A9-42BC-46B7-B2A0-DF6ACA855266} = {717DB5E6-2AB9-4861-B494-5B7152595BA2}
	EndGlobalSection
	GlobalSection(ExtensibilityGlobals) = postSolution
		SolutionGuid = {F3EECDBB-1756-4D08-B9B7-3B906B902775}
	EndGlobalSection
EndGlobal
