
Microsoft Visual Studio Solution File, Format Version 12.00
# Visual Studio Version 16
VisualStudioVersion = 16.0.29102.190
MinimumVisualStudioVersion = 10.0.40219.1
Project("{9A19103F-16F7-4668-BE54-9A1E7A4F7556}") = "SilentHunter.Core", "src\SilentHunter.Core\SilentHunter.Core.csproj", "{C03CC0F3-AAD9-4C0D-BE69-6D5413604C7F}"
EndProject
Project("{9A19103F-16F7-4668-BE54-9A1E7A4F7556}") = "SilentHunter.Formats", "src\SilentHunter.Formats\SilentHunter.Formats.csproj", "{43331BD7-D4F4-4169-A94D-2200B874BD62}"
EndProject
Project("{9A19103F-16F7-4668-BE54-9A1E7A4F7556}") = "SilentHunter.Controllers", "src\SilentHunter.Controllers\SilentHunter.Controllers.csproj", "{F86F5194-47E6-45D0-A04F-C72BDD6D9CF7}"
EndProject
Project("{9A19103F-16F7-4668-BE54-9A1E7A4F7556}") = "SilentHunter.Tests", "test\SilentHunter.Tests.csproj", "{C9B05484-DCBF-4DC2-94F2-4059B09B9D6C}"
EndProject
Project("{2150E333-8FDC-42A3-9474-1A3956D46DE8}") = "src", "src", "{53C77603-E4D0-4490-911B-F81EF2C83B78}"
EndProject
Project("{2150E333-8FDC-42A3-9474-1A3956D46DE8}") = "test", "test", "{717DB5E6-2AB9-4861-B494-5B7152595BA2}"
EndProject
Project("{2150E333-8FDC-42A3-9474-1A3956D46DE8}") = "Solution Items", "Solution Items", "{142FD27E-28B2-42A3-81BD-7155B053F94E}"
	ProjectSection(SolutionItems) = preProject
		README.md = README.md
	EndProjectSection
EndProject
Project("{2150E333-8FDC-42A3-9474-1A3956D46DE8}") = "S3D", "S3D", "{BA4FBF3F-B2B8-4FA9-92ED-744BEE653372}"
EndProject
Project("{9A19103F-16F7-4668-BE54-9A1E7A4F7556}") = "S3D.Resources", "src\S3D.Resources\S3D.Resources.csproj", "{B62BFDE5-387E-470C-9E01-6FF98A7C7805}"
EndProject
Global
	GlobalSection(SolutionConfigurationPlatforms) = preSolution
		Debug|Any CPU = Debug|Any CPU
		Release|Any CPU = Release|Any CPU
	EndGlobalSection
	GlobalSection(ProjectConfigurationPlatforms) = postSolution
		{C03CC0F3-AAD9-4C0D-BE69-6D5413604C7F}.Debug|Any CPU.ActiveCfg = Debug|Any CPU
		{C03CC0F3-AAD9-4C0D-BE69-6D5413604C7F}.Debug|Any CPU.Build.0 = Debug|Any CPU
		{C03CC0F3-AAD9-4C0D-BE69-6D5413604C7F}.Release|Any CPU.ActiveCfg = Release|Any CPU
		{C03CC0F3-AAD9-4C0D-BE69-6D5413604C7F}.Release|Any CPU.Build.0 = Release|Any CPU
		{43331BD7-D4F4-4169-A94D-2200B874BD62}.Debug|Any CPU.ActiveCfg = Debug|Any CPU
		{43331BD7-D4F4-4169-A94D-2200B874BD62}.Debug|Any CPU.Build.0 = Debug|Any CPU
		{43331BD7-D4F4-4169-A94D-2200B874BD62}.Release|Any CPU.ActiveCfg = Release|Any CPU
		{43331BD7-D4F4-4169-A94D-2200B874BD62}.Release|Any CPU.Build.0 = Release|Any CPU
		{F86F5194-47E6-45D0-A04F-C72BDD6D9CF7}.Debug|Any CPU.ActiveCfg = Debug|Any CPU
		{F86F5194-47E6-45D0-A04F-C72BDD6D9CF7}.Debug|Any CPU.Build.0 = Debug|Any CPU
		{F86F5194-47E6-45D0-A04F-C72BDD6D9CF7}.Release|Any CPU.ActiveCfg = Release|Any CPU
		{F86F5194-47E6-45D0-A04F-C72BDD6D9CF7}.Release|Any CPU.Build.0 = Release|Any CPU
		{C9B05484-DCBF-4DC2-94F2-4059B09B9D6C}.Debug|Any CPU.ActiveCfg = Debug|Any CPU
		{C9B05484-DCBF-4DC2-94F2-4059B09B9D6C}.Debug|Any CPU.Build.0 = Debug|Any CPU
		{C9B05484-DCBF-4DC2-94F2-4059B09B9D6C}.Release|Any CPU.ActiveCfg = Release|Any CPU
		{C9B05484-DCBF-4DC2-94F2-4059B09B9D6C}.Release|Any CPU.Build.0 = Release|Any CPU
		{B62BFDE5-387E-470C-9E01-6FF98A7C7805}.Debug|Any CPU.ActiveCfg = Debug|Any CPU
		{B62BFDE5-387E-470C-9E01-6FF98A7C7805}.Debug|Any CPU.Build.0 = Debug|Any CPU
		{B62BFDE5-387E-470C-9E01-6FF98A7C7805}.Release|Any CPU.ActiveCfg = Release|Any CPU
		{B62BFDE5-387E-470C-9E01-6FF98A7C7805}.Release|Any CPU.Build.0 = Release|Any CPU
	EndGlobalSection
	GlobalSection(SolutionProperties) = preSolution
		HideSolutionNode = FALSE
	EndGlobalSection
	GlobalSection(NestedProjects) = preSolution
		{C03CC0F3-AAD9-4C0D-BE69-6D5413604C7F} = {53C77603-E4D0-4490-911B-F81EF2C83B78}
		{43331BD7-D4F4-4169-A94D-2200B874BD62} = {53C77603-E4D0-4490-911B-F81EF2C83B78}
		{F86F5194-47E6-45D0-A04F-C72BDD6D9CF7} = {53C77603-E4D0-4490-911B-F81EF2C83B78}
		{C9B05484-DCBF-4DC2-94F2-4059B09B9D6C} = {717DB5E6-2AB9-4861-B494-5B7152595BA2}
		{BA4FBF3F-B2B8-4FA9-92ED-744BEE653372} = {53C77603-E4D0-4490-911B-F81EF2C83B78}
		{B62BFDE5-387E-470C-9E01-6FF98A7C7805} = {BA4FBF3F-B2B8-4FA9-92ED-744BEE653372}
	EndGlobalSection
	GlobalSection(ExtensibilityGlobals) = postSolution
		SolutionGuid = {F3EECDBB-1756-4D08-B9B7-3B906B902775}
	EndGlobalSection
EndGlobal
